{
    "_readme": [
        "This file locks the dependencies of your project to a known state",
        "Read more about it at http://getcomposer.org/doc/01-basic-usage.md#composer-lock-the-lock-file"
    ],
    "hash": "38eb7b6d60166753af3f62da2f290995",
    "packages": [
        {
            "name": "twitter/bootstrap",
            "version": "v2.3.2",
            "source": {
                "type": "git",
                "url": "https://github.com/twbs/bootstrap.git",
                "reference": "b4c4072679943773a7582daa63f545ba818fa627"
            },
            "dist": {
                "type": "zip",
                "url": "https://api.github.com/repos/twbs/bootstrap/zipball/b4c4072679943773a7582daa63f545ba818fa627",
                "reference": "b4c4072679943773a7582daa63f545ba818fa627",
                "shasum": ""
            },
            "type": "library",
            "notification-url": "https://packagist.org/downloads/",
            "license": [
                "Apache-2.0"
            ],
            "description": "Sleek, intuitive, and powerful front-end framework for faster and easier web development.",
            "homepage": "http://twbs.github.com/bootstrap/",
            "keywords": [
                "bootstrap",
                "css"
            ],
            "time": "2013-07-27 06:36:38"
        }
    ],
    "packages-dev": [

    ],
    "aliases": [

    ],
    "minimum-stability": "stable",
    "stability-flags": [

    ],
    "platform": [

    ],
    "platform-dev": [

    ]
}
